{
  "nodes": {
    "darwin": {
      "inputs": {
        "nixpkgs": [
          "nixpkgs"
        ]
      },
      "locked": {
        "lastModified": 1608628442,
        "narHash": "sha256-MNpNlZ2TqaQNiYuP8UcudfQoZAT/ocwFwFxhANSRt1c=",
        "owner": "lnl7",
        "repo": "nix-darwin",
        "rev": "8834df431736c3037bbef017b24c62bc4ace4645",
        "type": "github"
      },
      "original": {
        "owner": "lnl7",
        "ref": "master",
        "repo": "nix-darwin",
        "type": "github"
      }
    },
    "devshell": {
      "locked": {
        "lastModified": 1611704526,
        "narHash": "sha256-3k1SSOjGKhcxW1k3ceHtj7NTSH4ENhHStCZTTkzcvVA=",
        "owner": "numtide",
        "repo": "devshell",
        "rev": "35c247a194987f3640a9a5c16c4a7e47ced999d9",
        "type": "github"
      },
      "original": {
        "owner": "numtide",
        "repo": "devshell",
        "type": "github"
      }
    },
    "flake-compat": {
      "flake": false,
      "locked": {
        "lastModified": 1606424373,
        "narHash": "sha256-oq8d4//CJOrVj+EcOaSXvMebvuTkmBJuT5tzlfewUnQ=",
        "owner": "edolstra",
        "repo": "flake-compat",
        "rev": "99f1c2157fba4bfe6211a321fd0ee43199025dbf",
        "type": "github"
      },
      "original": {
        "owner": "edolstra",
        "repo": "flake-compat",
        "type": "github"
      }
    },
    "flake-utils": {
      "locked": {
        "lastModified": 1610051610,
        "narHash": "sha256-U9rPz/usA1/Aohhk7Cmc2gBrEEKRzcW4nwPWMPwja4Y=",
        "owner": "numtide",
        "repo": "flake-utils",
        "rev": "3982c9903e93927c2164caa727cd3f6a0e6d14cc",
        "type": "github"
      },
      "original": {
        "owner": "numtide",
        "repo": "flake-utils",
        "type": "github"
      }
    },
    "flake-utils_2": {
      "locked": {
        "lastModified": 1610051610,
        "narHash": "sha256-U9rPz/usA1/Aohhk7Cmc2gBrEEKRzcW4nwPWMPwja4Y=",
        "owner": "numtide",
        "repo": "flake-utils",
        "rev": "3982c9903e93927c2164caa727cd3f6a0e6d14cc",
        "type": "github"
      },
      "original": {
        "owner": "numtide",
        "repo": "flake-utils",
        "type": "github"
      }
    },
    "galaxyline-nvim": {
      "flake": false,
      "locked": {
        "lastModified": 1611502178,
        "narHash": "sha256-TZUOGrjYXF8lUIJphtCZYqUsheqXjKeOfBXBQ3GZibc=",
        "owner": "glepnir",
        "repo": "galaxyline.nvim",
        "rev": "22791e9aadfc2a24ccc22d21b4c50f6b52e12980",
        "type": "github"
      },
      "original": {
        "owner": "glepnir",
        "repo": "galaxyline.nvim",
        "type": "github"
      }
    },
    "gitignore": {
      "flake": false,
      "locked": {
        "lastModified": 1594969032,
        "narHash": "sha256-nbZfz02QoVe1yYK7EtCV7wMi4VdHzZEoPg20ZSDo9to=",
        "owner": "hercules-ci",
        "repo": "gitignore.nix",
        "rev": "c4662e662462e7bf3c2a968483478a665d00e717",
        "type": "github"
      },
      "original": {
        "owner": "hercules-ci",
        "repo": "gitignore.nix",
        "type": "github"
      }
    },
    "home-manager": {
      "inputs": {
        "nixpkgs": [
          "nixpkgs"
        ]
      },
      "locked": {
        "lastModified": 1611422785,
        "narHash": "sha256-6XylW5uQ/Hr2BkmOFzLdBxE8qSQNtoWL60LcpCl3Qcw=",
        "owner": "nix-community",
        "repo": "home-manager",
        "rev": "c137866bd7d2a9c2010b618252694f395453cf59",
        "type": "github"
      },
      "original": {
        "owner": "nix-community",
        "ref": "master",
        "repo": "home-manager",
        "type": "github"
      }
    },
    "naersk": {
      "inputs": {
        "nixpkgs": "nixpkgs_3"
      },
      "locked": {
        "lastModified": 1605267184,
        "narHash": "sha256-0FSNlq6nN0/W88fg5kTkgRhAOQ8pI+uSZqBG9w49pMM=",
        "owner": "nmattia",
        "repo": "naersk",
        "rev": "ce273fa593dcc94a629d0d869f07d96d2b337e37",
        "type": "github"
      },
      "original": {
        "owner": "nmattia",
        "repo": "naersk",
        "type": "github"
      }
    },
    "neovim-nightly": {
      "flake": false,
      "locked": {
        "lastModified": 1611627614,
        "narHash": "sha256-ULZR4kStR7+GGvHF/ATdkvOEp7SGaw0VrUE9lZOtUkE=",
        "owner": "neovim",
        "repo": "neovim",
        "rev": "78f0f00cd5f6f09320851e51fe61eb818e595f39",
        "type": "github"
      },
      "original": {
        "owner": "neovim",
        "repo": "neovim",
        "type": "github"
      }
    },
    "neovim-nightly-overlay": {
      "inputs": {
        "flake-compat": "flake-compat",
        "flake-utils": "flake-utils_2",
        "gitignore": "gitignore",
        "neovim-nightly": "neovim-nightly",
        "nixpkgs": "nixpkgs",
        "pre-commit-hooks": "pre-commit-hooks"
      },
      "locked": {
        "lastModified": 1611648800,
        "narHash": "sha256-Q0fjGWpYLILk7Z28GWhF3hgfQsdR34fjwKhLCFyb2Sc=",
        "owner": "nix-community",
        "repo": "neovim-nightly-overlay",
        "rev": "651ae4cf99f3fe8611c7f3cae48bb29b24c3911f",
        "type": "github"
      },
      "original": {
        "owner": "nix-community",
        "repo": "neovim-nightly-overlay",
        "type": "github"
      }
    },
    "nixpkgs": {
      "locked": {
        "lastModified": 1611573985,
        "narHash": "sha256-/99tW/FVulTati8qgvS5ul4/aQDCWHkEFAR7adXZ6BY=",
        "owner": "nixos",
        "repo": "nixpkgs",
        "rev": "cc75b0e3b55646c141efa10fcf8c81f55daf8a9a",
        "type": "github"
      },
      "original": {
        "owner": "nixos",
        "ref": "nixpkgs-unstable",
        "repo": "nixpkgs",
        "type": "github"
      }
    },
    "nixpkgsMaster": {
      "locked": {
        "lastModified": 1611707982,
        "narHash": "sha256-yAozGrPPsClAj0CWsrKmOBDPs4aJHU+UAGIIsIMsPu0=",
        "owner": "nixos",
        "repo": "nixpkgs",
        "rev": "ebc22e9921fbcc66ce4c4711e79ba5eb1cc01495",
        "type": "github"
      },
      "original": {
        "owner": "nixos",
        "ref": "master",
        "repo": "nixpkgs",
        "type": "github"
      }
    },
    "nixpkgs_2": {
      "locked": {
        "lastModified": 1611676654,
        "narHash": "sha256-ni9VLxVDNFQgQeMxHQhqELauJq4aYWIBJuHx++poaXI=",
        "owner": "nixos",
        "repo": "nixpkgs",
        "rev": "e61999b3f24da7dad685099981226e4d647bd0f6",
        "type": "github"
      },
      "original": {
        "owner": "nixos",
        "ref": "nixpkgs-unstable",
        "repo": "nixpkgs",
        "type": "github"
      }
    },
    "nixpkgs_3": {
      "locked": {
        "lastModified": 1605988311,
        "narHash": "sha256-PA+kgq46NApOAJlmBNJHs5DwsIrY+jodM0e4g7VtXyY=",
        "owner": "NixOS",
        "repo": "nixpkgs",
        "rev": "2247d824fe07f16325596acc7faa286502faffd1",
        "type": "github"
      },
      "original": {
        "id": "nixpkgs",
        "type": "indirect"
      }
    },
    "nixpkgs_4": {
      "locked": {
        "lastModified": 1605988311,
        "narHash": "sha256-PA+kgq46NApOAJlmBNJHs5DwsIrY+jodM0e4g7VtXyY=",
        "owner": "NixOS",
        "repo": "nixpkgs",
        "rev": "2247d824fe07f16325596acc7faa286502faffd1",
        "type": "github"
      },
      "original": {
        "id": "nixpkgs",
        "type": "indirect"
      }
    },
    "nur": {
      "locked": {
        "lastModified": 1611688014,
        "narHash": "sha256-KSAGGstVv8xAIqF2oRseJMpG1hUtee0I5zlA7Y8hX28=",
        "owner": "nix-community",
        "repo": "NUR",
        "rev": "9b7cbfd2192f40a02b9e3c73e61fb6c9c06567b9",
        "type": "github"
      },
      "original": {
        "owner": "nix-community",
        "repo": "NUR",
        "type": "github"
      }
    },
    "pre-commit-hooks": {
      "flake": false,
      "locked": {
        "lastModified": 1609781048,
        "narHash": "sha256-RTu4NDdAgwv83aFFJDnUkQFl/7giDSeEtQ/N17xxiXY=",
        "owner": "cachix",
        "repo": "pre-commit-hooks.nix",
        "rev": "c7e3896e35ceea480a7484ec1709be7bdda8849d",
        "type": "github"
      },
      "original": {
        "owner": "cachix",
        "repo": "pre-commit-hooks.nix",
        "type": "github"
      }
    },
    "rnix-lsp": {
      "inputs": {
        "naersk": "naersk",
        "nixpkgs": "nixpkgs_4",
        "utils": "utils"
      },
      "locked": {
        "lastModified": 1610304971,
        "narHash": "sha256-xhU3wm2wfP5yI7g6xCWVUlwyvcG/CA5XA2SxlBH/8sc=",
        "owner": "nix-community",
        "repo": "rnix-lsp",
        "rev": "20b78998e02174a6e5b8a48acc4aac7ef94a6ffb",
        "type": "github"
      },
      "original": {
        "owner": "nix-community",
        "repo": "rnix-lsp",
        "type": "github"
      }
    },
    "root": {
      "inputs": {
        "darwin": "darwin",
        "devshell": "devshell",
        "flake-utils": "flake-utils",
        "galaxyline-nvim": "galaxyline-nvim",
        "home-manager": "home-manager",
        "neovim-nightly-overlay": "neovim-nightly-overlay",
        "nixpkgs": "nixpkgs_2",
        "nixpkgsMaster": "nixpkgsMaster",
        "nur": "nur",
        "rnix-lsp": "rnix-lsp",
        "scrollbar-nvim": "scrollbar-nvim",
        "vim-dadbod-ui": "vim-dadbod-ui",
        "vim-prisma": "vim-prisma"
      }
    },
    "scrollbar-nvim": {
      "flake": false,
      "locked": {
        "lastModified": 1601304587,
        "narHash": "sha256-Pmn1RHCYf3Ty0mL+5PshIXsF5heLb2TB2YT9VS85c4I=",
        "owner": "Xuyuanp",
        "repo": "scrollbar.nvim",
        "rev": "72a4174a47a89b7f89401fc66de0df95580fa48c",
        "type": "github"
      },
      "original": {
        "owner": "Xuyuanp",
        "repo": "scrollbar.nvim",
        "type": "github"
      }
    },
    "utils": {
      "locked": {
        "lastModified": 1605370193,
        "narHash": "sha256-YyMTf3URDL/otKdKgtoMChu4vfVL3vCMkRqpGifhUn0=",
        "owner": "numtide",
        "repo": "flake-utils",
        "rev": "5021eac20303a61fafe17224c087f5519baed54d",
        "type": "github"
      },
      "original": {
        "owner": "numtide",
        "repo": "flake-utils",
        "type": "github"
      }
    },
    "vim-dadbod-ui": {
      "flake": false,
      "locked": {
        "lastModified": 1611261190,
        "narHash": "sha256-0bI8iTGu1uo24/Vr14szceERU06ZNQoInV9UQYjzsYw=",
        "owner": "kristijanhusak",
        "repo": "vim-dadbod-ui",
        "rev": "d26355ccad91c6d2b23ee9306ce683c58dd0cd1c",
        "type": "github"
      },
      "original": {
        "owner": "kristijanhusak",
        "repo": "vim-dadbod-ui",
        "type": "github"
      }
    },
    "vim-prisma": {
      "flake": false,
      "locked": {
        "lastModified": 1586020114,
        "narHash": "sha256-BsV+7Vwx137fpUmTI7j7KW/xui7R2bwdBis8cOwAgl0=",
        "owner": "pantharshit00",
        "repo": "vim-prisma",
        "rev": "e91ac5011232e1bd8ea53204db8d01203d5d0f3c",
        "type": "github"
      },
      "original": {
        "owner": "pantharshit00",
        "repo": "vim-prisma",
        "type": "github"
      }
    }
  },
  "root": "root",
  "version": 7
}
