{
  "nodes": {
    "ags": {
      "inputs": {
        "nixpkgs": [
          "nixpkgs"
        ]
      },
      "locked": {
        "lastModified": 1715703984,
        "narHash": "sha256-0BZkMui6aCqswMCouvp0G90tAxDOxVnxTvG6TDZsDaI=",
        "owner": "Aylur",
        "repo": "ags",
        "rev": "11150225e62462bcd431d1e55185e810190a730a",
        "type": "github"
      },
      "original": {
        "owner": "Aylur",
        "repo": "ags",
        "type": "github"
      }
    },
    "apple-firmware": {
      "flake": false,
      "locked": {
        "lastModified": 1715620583,
        "narHash": "sha256-+a24NgMG5Dz5D/mXShr6G0AN8K+L+LOozHQD4kNfE2w=",
        "owner": "AdityaGarg8",
        "repo": "Apple-Firmware",
        "rev": "25fb86193e0f3fae3681143eb132461142f94a4b",
        "type": "github"
      },
      "original": {
        "owner": "AdityaGarg8",
        "repo": "Apple-Firmware",
        "type": "github"
      }
    },
    "base16": {
      "inputs": {
        "fromYaml": "fromYaml"
      },
      "locked": {
        "lastModified": 1708890466,
        "narHash": "sha256-LlrC09LoPi8OPYOGPXegD72v+//VapgAqhbOFS3i8sc=",
        "owner": "SenchoPens",
        "repo": "base16.nix",
        "rev": "665b3c6748534eb766c777298721cece9453fdae",
        "type": "github"
      },
      "original": {
        "owner": "SenchoPens",
        "repo": "base16.nix",
        "type": "github"
      }
    },
    "base16-fish": {
      "flake": false,
      "locked": {
        "lastModified": 1622559957,
        "narHash": "sha256-PebymhVYbL8trDVVXxCvZgc0S5VxI7I1Hv4RMSquTpA=",
        "owner": "tomyun",
        "repo": "base16-fish",
        "rev": "2f6dd973a9075dabccd26f1cded09508180bf5fe",
        "type": "github"
      },
      "original": {
        "owner": "tomyun",
        "repo": "base16-fish",
        "type": "github"
      }
    },
    "base16-foot": {
      "flake": false,
      "locked": {
        "lastModified": 1696725948,
        "narHash": "sha256-65bz2bUL/yzZ1c8/GQASnoiGwaF8DczlxJtzik1c0AU=",
        "owner": "tinted-theming",
        "repo": "base16-foot",
        "rev": "eedbcfa30de0a4baa03e99f5e3ceb5535c2755ce",
        "type": "github"
      },
      "original": {
        "owner": "tinted-theming",
        "repo": "base16-foot",
        "type": "github"
      }
    },
    "base16-helix": {
      "flake": false,
      "locked": {
        "lastModified": 1696727917,
        "narHash": "sha256-FVrbPk+NtMra0jtlC5oxyNchbm8FosmvXIatkRbYy1g=",
        "owner": "tinted-theming",
        "repo": "base16-helix",
        "rev": "dbe1480d99fe80f08df7970e471fac24c05f2ddb",
        "type": "github"
      },
      "original": {
        "owner": "tinted-theming",
        "repo": "base16-helix",
        "type": "github"
      }
    },
    "base16-kitty": {
      "flake": false,
      "locked": {
        "lastModified": 1665001328,
        "narHash": "sha256-aRaizTYPpuWEcvoYE9U+YRX+Wsc8+iG0guQJbvxEdJY=",
        "owner": "kdrag0n",
        "repo": "base16-kitty",
        "rev": "06bb401fa9a0ffb84365905ffbb959ae5bf40805",
        "type": "github"
      },
      "original": {
        "owner": "kdrag0n",
        "repo": "base16-kitty",
        "type": "github"
      }
    },
    "base16-tmux": {
      "flake": false,
      "locked": {
        "lastModified": 1696725902,
        "narHash": "sha256-wDPg5elZPcQpu7Df0lI5O8Jv4A3T6jUQIVg63KDU+3Q=",
        "owner": "tinted-theming",
        "repo": "base16-tmux",
        "rev": "c02050bebb60dbb20cb433cd4d8ce668ecc11ba7",
        "type": "github"
      },
      "original": {
        "owner": "tinted-theming",
        "repo": "base16-tmux",
        "type": "github"
      }
    },
    "base16-vim": {
      "flake": false,
      "locked": {
        "lastModified": 1663659192,
        "narHash": "sha256-uJvaYYDMXvoo0fhBZUhN8WBXeJ87SRgof6GEK2efFT0=",
        "owner": "chriskempson",
        "repo": "base16-vim",
        "rev": "3be3cd82cd31acfcab9a41bad853d9c68d30478d",
        "type": "github"
      },
      "original": {
        "owner": "chriskempson",
        "repo": "base16-vim",
        "type": "github"
      }
    },
    "crane": {
      "inputs": {
        "nixpkgs": [
          "rippkgs",
          "nixpkgs"
        ]
      },
      "locked": {
        "lastModified": 1707685877,
        "narHash": "sha256-XoXRS+5whotelr1rHiZle5t5hDg9kpguS5yk8c8qzOc=",
        "owner": "ipetkov",
        "repo": "crane",
        "rev": "2c653e4478476a52c6aa3ac0495e4dea7449ea0e",
        "type": "github"
      },
      "original": {
        "owner": "ipetkov",
        "repo": "crane",
        "type": "github"
      }
    },
    "crane_2": {
      "flake": false,
      "locked": {
        "lastModified": 1686108916,
        "narHash": "sha256-looLH5MdY4erLiJw0XwQohGdr0fJL9y6TJY3898RA2U=",
        "owner": "ipetkov",
        "repo": "crane",
        "rev": "8ab1a49432695bd80ff4b7f6c6515da0e926d922",
        "type": "github"
      },
      "original": {
        "owner": "ipetkov",
        "ref": "v0.12.2",
        "repo": "crane",
        "type": "github"
      }
    },
    "darwin-modules": {
      "locked": {
        "lastModified": 1699403461,
        "narHash": "sha256-lEocCQei9Opc//GFDYoS3gc9Xed6WKtOXaVec8xrurs=",
        "owner": "zachcoyle",
        "repo": "darwin-modules",
        "rev": "ceb8227bfda5f104fd376e7d55621b6383964cc8",
        "type": "github"
      },
      "original": {
        "owner": "zachcoyle",
        "repo": "darwin-modules",
        "type": "github"
      }
    },
    "devshell": {
      "inputs": {
        "flake-utils": [
          "flake-utils"
        ],
        "nixpkgs": [
          "nixpkgs"
        ]
      },
      "locked": {
        "lastModified": 1713532798,
        "narHash": "sha256-wtBhsdMJA3Wa32Wtm1eeo84GejtI43pMrFrmwLXrsEc=",
        "owner": "numtide",
        "repo": "devshell",
        "rev": "12e914740a25ea1891ec619bb53cf5e6ca922e40",
        "type": "github"
      },
      "original": {
        "owner": "numtide",
        "repo": "devshell",
        "type": "github"
      }
    },
    "disko": {
      "inputs": {
        "nixpkgs": [
          "nixpkgs"
        ]
      },
      "locked": {
        "lastModified": 1715756862,
        "narHash": "sha256-cNGZK/RNvb29giR2KtnbwU5lx2Kw+wWqAaeWqfYlPts=",
        "owner": "nix-community",
        "repo": "disko",
        "rev": "cb1d6fba694ab3887600d606106f5a044ba1712c",
        "type": "github"
      },
      "original": {
        "owner": "nix-community",
        "repo": "disko",
        "type": "github"
      }
    },
    "dream2nix": {
      "inputs": {
        "devshell": [
          "sg-nvim",
          "nci"
        ],
        "flake-compat": [
          "sg-nvim",
          "nci"
        ],
        "flake-parts": [
          "sg-nvim",
          "nci",
          "parts"
        ],
        "nix-unit": [
          "sg-nvim",
          "nci"
        ],
        "nixpkgs": [
          "sg-nvim",
          "nci",
          "nixpkgs"
        ],
        "pre-commit-hooks": [
          "sg-nvim",
          "nci"
        ]
      },
      "locked": {
        "lastModified": 1696373678,
        "narHash": "sha256-D5yaEkxi7VnoRsBDeHYB86FikFYDL/vq77ajo3Pa3Og=",
        "owner": "nix-community",
        "repo": "dream2nix",
        "rev": "5e2577caaf87661e29405db7e117bda57b0e749d",
        "type": "github"
      },
      "original": {
        "owner": "nix-community",
        "repo": "dream2nix",
        "type": "github"
      }
    },
    "fenix": {
      "inputs": {
        "nixpkgs": [
          "rippkgs",
          "nixpkgs"
        ],
        "rust-analyzer-src": "rust-analyzer-src"
      },
      "locked": {
        "lastModified": 1706941198,
        "narHash": "sha256-t6/qloMYdknVJ9a3QzjylQIZnQfgefJ5kMim50B7dwA=",
        "owner": "nix-community",
        "repo": "fenix",
        "rev": "28dbd8b43ea328ee708f7da538c63e03d5ed93c8",
        "type": "github"
      },
      "original": {
        "owner": "nix-community",
        "repo": "fenix",
        "type": "github"
      }
    },
    "flake-compat": {
      "locked": {
        "lastModified": 1696426674,
        "narHash": "sha256-kvjfFW7WAETZlt09AgDn1MrtKzP7t90Vf7vypd3OL1U=",
        "owner": "edolstra",
        "repo": "flake-compat",
        "rev": "0f9255e01c2351cc7d116c072cb317785dd33b33",
        "type": "github"
      },
      "original": {
        "owner": "edolstra",
        "repo": "flake-compat",
        "type": "github"
      }
    },
    "flake-compat_2": {
      "flake": false,
      "locked": {
        "lastModified": 1696426674,
        "narHash": "sha256-kvjfFW7WAETZlt09AgDn1MrtKzP7t90Vf7vypd3OL1U=",
        "owner": "edolstra",
        "repo": "flake-compat",
        "rev": "0f9255e01c2351cc7d116c072cb317785dd33b33",
        "type": "github"
      },
      "original": {
        "owner": "edolstra",
        "repo": "flake-compat",
        "type": "github"
      }
    },
    "flake-compat_3": {
      "flake": false,
      "locked": {
        "lastModified": 1673956053,
        "narHash": "sha256-4gtG9iQuiKITOjNQQeQIpoIB6b16fm+504Ch3sNKLd8=",
        "owner": "edolstra",
        "repo": "flake-compat",
        "rev": "35bb57c0c8d8b62bbfd284272c928ceb64ddbde9",
        "type": "github"
      },
      "original": {
        "owner": "edolstra",
        "repo": "flake-compat",
        "type": "github"
      }
    },
    "flake-parts": {
      "inputs": {
        "nixpkgs-lib": [
          "nixpkgs"
        ]
      },
      "locked": {
        "lastModified": 1714641030,
        "narHash": "sha256-yzcRNDoyVP7+SCNX0wmuDju1NUCt8Dz9+lyUXEI0dbI=",
        "owner": "hercules-ci",
        "repo": "flake-parts",
        "rev": "e5d10a24b66c3ea8f150e47dfdb0416ab7c3390e",
        "type": "github"
      },
      "original": {
        "owner": "hercules-ci",
        "repo": "flake-parts",
        "type": "github"
      }
    },
    "flake-root": {
      "locked": {
        "lastModified": 1713493429,
        "narHash": "sha256-ztz8JQkI08tjKnsTpfLqzWoKFQF4JGu2LRz8bkdnYUk=",
        "owner": "srid",
        "repo": "flake-root",
        "rev": "bc748b93b86ee76e2032eecda33440ceb2532fcd",
        "type": "github"
      },
      "original": {
        "owner": "srid",
        "repo": "flake-root",
        "type": "github"
      }
    },
    "flake-utils": {
      "inputs": {
        "systems": "systems"
      },
      "locked": {
        "lastModified": 1710146030,
        "narHash": "sha256-SZ5L6eA7HJ/nmkzGG7/ISclqe6oZdOZTNoesiInkXPQ=",
        "owner": "numtide",
        "repo": "flake-utils",
        "rev": "b1d9ab70662946ef0850d488da1c9019f3a9752a",
        "type": "github"
      },
      "original": {
        "owner": "numtide",
        "repo": "flake-utils",
        "type": "github"
      }
    },
    "flake-utils_2": {
      "inputs": {
        "systems": "systems_4"
      },
      "locked": {
        "lastModified": 1681202837,
        "narHash": "sha256-H+Rh19JDwRtpVPAWp64F+rlEtxUWBAQW28eAi3SRSzg=",
        "owner": "numtide",
        "repo": "flake-utils",
        "rev": "cfacdce06f30d2b68473a46042957675eebb3401",
        "type": "github"
      },
      "original": {
        "owner": "numtide",
        "repo": "flake-utils",
        "type": "github"
      }
    },
    "flake-utils_3": {
      "locked": {
        "lastModified": 1659877975,
        "narHash": "sha256-zllb8aq3YO3h8B/U0/J1WBgAL8EX5yWf5pMj3G0NAmc=",
        "owner": "numtide",
        "repo": "flake-utils",
        "rev": "c0e246b9b83f637f4681389ecabcb2681b4f3af0",
        "type": "github"
      },
      "original": {
        "owner": "numtide",
        "repo": "flake-utils",
        "type": "github"
      }
    },
    "fromYaml": {
      "flake": false,
      "locked": {
        "lastModified": 1689549921,
        "narHash": "sha256-iX0pk/uB019TdBGlaJEWvBCfydT6sRq+eDcGPifVsCM=",
        "owner": "SenchoPens",
        "repo": "fromYaml",
        "rev": "11fbbbfb32e3289d3c631e0134a23854e7865c84",
        "type": "github"
      },
      "original": {
        "owner": "SenchoPens",
        "repo": "fromYaml",
        "type": "github"
      }
    },
    "gitignore": {
      "inputs": {
        "nixpkgs": [
          "nixpkgs"
        ]
      },
      "locked": {
        "lastModified": 1709087332,
        "narHash": "sha256-HG2cCnktfHsKV0s4XW83gU3F57gaTljL9KNSuG6bnQs=",
        "owner": "hercules-ci",
        "repo": "gitignore.nix",
        "rev": "637db329424fd7e46cf4185293b9cc8c88c95394",
        "type": "github"
      },
      "original": {
        "owner": "hercules-ci",
        "repo": "gitignore.nix",
        "type": "github"
      }
    },
    "gnome-shell": {
      "flake": false,
      "locked": {
        "lastModified": 1713702291,
        "narHash": "sha256-zYP1ehjtcV8fo+c+JFfkAqktZ384Y+y779fzmR9lQAU=",
        "owner": "GNOME",
        "repo": "gnome-shell",
        "rev": "0d0aadf013f78a7f7f1dc984d0d812971864b934",
        "type": "github"
      },
      "original": {
        "owner": "GNOME",
        "ref": "46.1",
        "repo": "gnome-shell",
        "type": "github"
      }
    },
    "home-manager": {
      "inputs": {
        "nixpkgs": [
          "nixpkgs"
        ]
      },
      "locked": {
        "lastModified": 1715486357,
        "narHash": "sha256-4pRuzsHZOW5W4CsXI9uhKtiJeQSUoe1d2M9mWU98HC4=",
        "owner": "nix-community",
        "repo": "home-manager",
        "rev": "44677a1c96810a8e8c4ffaeaad10c842402647c1",
        "type": "github"
      },
      "original": {
        "owner": "nix-community",
        "repo": "home-manager",
        "type": "github"
      }
    },
    "hyprcursor": {
      "inputs": {
        "hyprlang": [
          "hyprland",
          "hyprlang"
        ],
        "nixpkgs": [
          "hyprland",
          "nixpkgs"
        ],
        "systems": [
          "hyprland",
          "systems"
        ]
      },
      "locked": {
        "lastModified": 1713612213,
        "narHash": "sha256-zJboXgWNpNhKyNF8H/3UYzWkx7w00TOCGKi3cwi+tsw=",
        "owner": "hyprwm",
        "repo": "hyprcursor",
        "rev": "cab4746180f210a3c1dd3d53e45c510e309e90e1",
        "type": "github"
      },
      "original": {
        "owner": "hyprwm",
        "repo": "hyprcursor",
        "type": "github"
      }
    },
    "hypridle": {
      "inputs": {
        "hyprlang": "hyprlang",
        "nixpkgs": [
          "nixpkgs"
        ],
        "systems": [
          "systems-linux"
        ]
      },
      "locked": {
        "lastModified": 1715699575,
        "narHash": "sha256-MLTUVPcRbH9i+AchIK+3SaeF3K27NGLApQCRoQEsc3s=",
        "owner": "hyprwm",
        "repo": "hypridle",
        "rev": "afa6e21b8881a4a7d01b960ee4a2421c495777aa",
        "type": "github"
      },
      "original": {
        "owner": "hyprwm",
        "repo": "hypridle",
        "type": "github"
      }
    },
    "hyprland": {
      "inputs": {
        "hyprcursor": "hyprcursor",
        "hyprlang": "hyprlang_2",
        "hyprwayland-scanner": "hyprwayland-scanner",
        "nixpkgs": [
          "nixpkgs"
        ],
        "systems": [
          "systems-linux"
        ],
        "xdph": "xdph"
      },
      "locked": {
        "lastModified": 1715791088,
        "narHash": "sha256-RJTlbRRcgIrd0Rvbnl2TZCvRnn6Je/GxdmACUJ1/ZlA=",
        "ref": "refs/heads/main",
        "rev": "e8add36c8e6c3327f138e64bb972815f43602e50",
        "revCount": 4698,
        "submodules": true,
        "type": "git",
        "url": "https://github.com/hyprwm/Hyprland"
      },
      "original": {
        "submodules": true,
        "type": "git",
        "url": "https://github.com/hyprwm/Hyprland"
      }
    },
    "hyprland-plugins": {
      "inputs": {
        "hyprland": [
          "hyprland"
        ],
        "systems": [
          "hyprland-plugins",
          "hyprland",
          "systems"
        ]
      },
      "locked": {
        "lastModified": 1715722806,
        "narHash": "sha256-KrSLG2H3KGELxTFdiBhv8U6D53Q3UsJsQO+KgEabsNA=",
        "owner": "hyprwm",
        "repo": "hyprland-plugins",
        "rev": "c28d1011f4868c1a1ee80b10d9ee79900686df82",
        "type": "github"
      },
      "original": {
        "owner": "hyprwm",
        "repo": "hyprland-plugins",
        "type": "github"
      }
    },
    "hyprland-protocols": {
      "inputs": {
        "nixpkgs": [
          "hyprland",
          "xdph",
          "nixpkgs"
        ],
        "systems": [
          "hyprland",
          "xdph",
          "systems"
        ]
      },
      "locked": {
        "lastModified": 1691753796,
        "narHash": "sha256-zOEwiWoXk3j3+EoF3ySUJmberFewWlagvewDRuWYAso=",
        "owner": "hyprwm",
        "repo": "hyprland-protocols",
        "rev": "0c2ce70625cb30aef199cb388f99e19a61a6ce03",
        "type": "github"
      },
      "original": {
        "owner": "hyprwm",
        "repo": "hyprland-protocols",
        "type": "github"
      }
    },
    "hyprlang": {
      "inputs": {
        "nixpkgs": [
          "hypridle",
          "nixpkgs"
        ],
        "systems": "systems_2"
      },
      "locked": {
        "lastModified": 1713121246,
        "narHash": "sha256-502X0Q0fhN6tJK7iEUA8CghONKSatW/Mqj4Wappd++0=",
        "owner": "hyprwm",
        "repo": "hyprlang",
        "rev": "78fcaa27ae9e1d782faa3ff06c8ea55ddce63706",
        "type": "github"
      },
      "original": {
        "owner": "hyprwm",
        "repo": "hyprlang",
        "type": "github"
      }
    },
    "hyprlang_2": {
      "inputs": {
        "nixpkgs": [
          "hyprland",
          "nixpkgs"
        ],
        "systems": [
          "hyprland",
          "systems"
        ]
      },
      "locked": {
        "lastModified": 1713121246,
        "narHash": "sha256-502X0Q0fhN6tJK7iEUA8CghONKSatW/Mqj4Wappd++0=",
        "owner": "hyprwm",
        "repo": "hyprlang",
        "rev": "78fcaa27ae9e1d782faa3ff06c8ea55ddce63706",
        "type": "github"
      },
      "original": {
        "owner": "hyprwm",
        "repo": "hyprlang",
        "type": "github"
      }
    },
    "hyprlang_3": {
      "inputs": {
        "nixpkgs": [
          "hyprlock",
          "nixpkgs"
        ],
        "systems": "systems_3"
      },
      "locked": {
        "lastModified": 1713121246,
        "narHash": "sha256-502X0Q0fhN6tJK7iEUA8CghONKSatW/Mqj4Wappd++0=",
        "owner": "hyprwm",
        "repo": "hyprlang",
        "rev": "78fcaa27ae9e1d782faa3ff06c8ea55ddce63706",
        "type": "github"
      },
      "original": {
        "owner": "hyprwm",
        "repo": "hyprlang",
        "type": "github"
      }
    },
    "hyprlock": {
      "inputs": {
        "hyprlang": "hyprlang_3",
        "nixpkgs": [
          "nixpkgs"
        ],
        "systems": [
          "systems-linux"
        ]
      },
      "locked": {
        "lastModified": 1715699505,
        "narHash": "sha256-gYXU2yWFQ2p2beJnyeNduvwkI6tXXVe7h9xJoaAZWYQ=",
        "owner": "hyprwm",
        "repo": "hyprlock",
        "rev": "316c37746df323df563dc1acd87c68801df833d8",
        "type": "github"
      },
      "original": {
        "owner": "hyprwm",
        "repo": "hyprlock",
        "type": "github"
      }
    },
    "hyprpicker": {
      "inputs": {
        "nixpkgs": [
          "nixpkgs"
        ]
      },
      "locked": {
        "lastModified": 1715699592,
        "narHash": "sha256-BYQF1zM6bJ44ag9FJ0aTSkhOTY9U7uRdp3SmRCs5fJM=",
        "owner": "hyprwm",
        "repo": "hyprpicker",
        "rev": "bff005ac9c308acb3046d277b60879defb1ee303",
        "type": "github"
      },
      "original": {
        "owner": "hyprwm",
        "repo": "hyprpicker",
        "type": "github"
      }
    },
    "hyprwayland-scanner": {
      "inputs": {
        "nixpkgs": [
          "hyprland",
          "nixpkgs"
        ],
        "systems": [
          "hyprland",
          "systems"
        ]
      },
      "locked": {
        "lastModified": 1715608589,
        "narHash": "sha256-vimNaLjLcoNIvBhF37GaB6PRYEvKMamY3UnDE9M5MW8=",
        "owner": "hyprwm",
        "repo": "hyprwayland-scanner",
        "rev": "65c2636484e5cb00583b8a7446c3fb657f568883",
        "type": "github"
      },
      "original": {
        "owner": "hyprwm",
        "repo": "hyprwayland-scanner",
        "type": "github"
      }
    },
    "langref": {
      "flake": false,
      "locked": {
        "narHash": "sha256-Kz+m9yeJgAsUfNwGG6ZDqZ3ElLZMeQmVYzgg0EEUzV4=",
        "type": "file",
        "url": "https://raw.githubusercontent.com/ziglang/zig/a685ab1499d6560c523f0dbce2890dc140671e43/doc/langref.html.in"
      },
      "original": {
        "type": "file",
        "url": "https://raw.githubusercontent.com/ziglang/zig/a685ab1499d6560c523f0dbce2890dc140671e43/doc/langref.html.in"
      }
    },
    "mk-naked-shell": {
      "flake": false,
      "locked": {
        "lastModified": 1681286841,
        "narHash": "sha256-3XlJrwlR0nBiREnuogoa5i1b4+w/XPe0z8bbrJASw0g=",
        "owner": "yusdacra",
        "repo": "mk-naked-shell",
        "rev": "7612f828dd6f22b7fb332cc69440e839d7ffe6bd",
        "type": "github"
      },
      "original": {
        "owner": "yusdacra",
        "repo": "mk-naked-shell",
        "type": "github"
      }
    },
    "nci": {
      "inputs": {
        "crane": "crane_2",
        "dream2nix": "dream2nix",
        "mk-naked-shell": "mk-naked-shell",
        "nixpkgs": "nixpkgs_2",
        "parts": "parts",
        "rust-overlay": "rust-overlay",
        "treefmt": "treefmt"
      },
      "locked": {
        "lastModified": 1696572678,
        "narHash": "sha256-rcznf00l41VtjzvEGMWOxaj5J/5twES6n30VwbJMgl0=",
        "owner": "yusdacra",
        "repo": "nix-cargo-integration",
        "rev": "cacb6c94004a35676c193f04afa8821758986bf0",
        "type": "github"
      },
      "original": {
        "owner": "yusdacra",
        "repo": "nix-cargo-integration",
        "type": "github"
      }
    },
    "neovim": {
      "inputs": {
        "flake-utils": [
          "flake-utils"
        ],
        "nixpkgs": [
          "nixpkgs"
        ]
      },
      "locked": {
        "dir": "contrib",
        "lastModified": 1715777309,
        "narHash": "sha256-DEVIMjGDmgxZ4lPDeK+pAMLtMlsgYk14IwjZ7Q4Q4SY=",
        "owner": "neovim",
        "repo": "neovim",
        "rev": "cdd87222c86c5b2274a13d36f23de0637462e317",
        "type": "github"
      },
      "original": {
        "dir": "contrib",
        "owner": "neovim",
        "repo": "neovim",
        "type": "github"
      }
    },
    "nix-darwin": {
      "inputs": {
        "nixpkgs": [
          "nixpkgs"
        ]
      },
      "locked": {
        "lastModified": 1715653378,
        "narHash": "sha256-6kbg/PI3+SBP17f4T0js3CBsMLVtlD0JqJhDKgzk1mQ=",
        "owner": "LnL7",
        "repo": "nix-darwin",
        "rev": "de8b0d60d6fd34f35abffc46adc94ebaa6996ce2",
        "type": "github"
      },
      "original": {
        "owner": "LnL7",
        "repo": "nix-darwin",
        "type": "github"
      }
    },
    "nix-github-actions": {
      "inputs": {
        "nixpkgs": [
          "poetry2nix",
          "nixpkgs"
        ]
      },
      "locked": {
        "lastModified": 1703863825,
        "narHash": "sha256-rXwqjtwiGKJheXB43ybM8NwWB8rO2dSRrEqes0S7F5Y=",
        "owner": "nix-community",
        "repo": "nix-github-actions",
        "rev": "5163432afc817cf8bd1f031418d1869e4c9d5547",
        "type": "github"
      },
      "original": {
        "owner": "nix-community",
        "repo": "nix-github-actions",
        "type": "github"
      }
    },
    "nix-vscode-extensions": {
      "inputs": {
        "flake-compat": [
          "flake-compat"
        ],
        "flake-utils": [
          "flake-utils"
        ],
        "nixpkgs": [
          "nixpkgs"
        ]
      },
      "locked": {
        "lastModified": 1715736128,
        "narHash": "sha256-NjLDB4uZsJocIhpYWlX0G+iZtGRzCaiqxNVl1TcDv/g=",
        "owner": "nix-community",
        "repo": "nix-vscode-extensions",
        "rev": "10946d7273c72c4dcecd0e12d504194e17c30f1f",
        "type": "github"
      },
      "original": {
        "owner": "nix-community",
        "repo": "nix-vscode-extensions",
        "type": "github"
      }
    },
    "nixneovimplugins": {
      "inputs": {
        "flake-utils": [
          "flake-utils"
        ],
        "nixpkgs": [
          "nixpkgs"
        ],
        "poetry2nix": [
          "poetry2nix"
        ]
      },
      "locked": {
        "lastModified": 1715787073,
        "narHash": "sha256-NMgpnErf95BCnpdLLLCJdSK5i7LMqbOQPhQ1HVVKhc8=",
        "owner": "NixNeovim",
        "repo": "NixNeovimPlugins",
        "rev": "fe33bf8579b87cc206007233ed8bbcd8bb7bc028",
        "type": "github"
      },
      "original": {
        "owner": "NixNeovim",
        "repo": "NixNeovimPlugins",
        "type": "github"
      }
    },
    "nixos-hardware": {
      "locked": {
        "lastModified": 1715148395,
        "narHash": "sha256-lRxjTxY3103LGMjWdVqntKZHhlmMX12QUjeFrQMmGaE=",
        "owner": "NixOS",
        "repo": "nixos-hardware",
        "rev": "a4e2b7909fc1bdf30c30ef21d388fde0b5cdde4a",
        "type": "github"
      },
      "original": {
        "owner": "NixOS",
        "repo": "nixos-hardware",
        "type": "github"
      }
    },
    "nixpkgs": {
      "locked": {
        "lastModified": 1715534503,
        "narHash": "sha256-5ZSVkFadZbFP1THataCaSf0JH2cAH3S29hU9rrxTEqk=",
        "owner": "NixOS",
        "repo": "nixpkgs",
        "rev": "2057814051972fa1453ddfb0d98badbea9b83c06",
        "type": "github"
      },
      "original": {
        "owner": "NixOS",
        "ref": "nixos-unstable",
        "repo": "nixpkgs",
        "type": "github"
      }
    },
    "nixpkgs-23-05-darwin": {
      "locked": {
        "lastModified": 1705033721,
        "narHash": "sha256-K5eJHmL1/kev6WuqyqqbS1cdNnSidIZ3jeqJ7GbrYnQ=",
        "owner": "NixOS",
        "repo": "nixpkgs",
        "rev": "a1982c92d8980a0114372973cbdfe0a307f1bdea",
        "type": "github"
      },
      "original": {
        "owner": "NixOS",
        "ref": "nixpkgs-23.05-darwin",
        "repo": "nixpkgs",
        "type": "github"
      }
    },
    "nixpkgs-firefox-darwin": {
      "inputs": {
        "nixpkgs": [
          "nixpkgs"
        ]
      },
      "locked": {
        "lastModified": 1715733830,
        "narHash": "sha256-GEJkfy47WazM+eMtAr15wlQAFQ4RqyiUdYjI2Sb0AfM=",
        "owner": "bandithedoge",
        "repo": "nixpkgs-firefox-darwin",
        "rev": "6f71484c753379dae178c133a0d63f988051f107",
        "type": "github"
      },
      "original": {
        "owner": "bandithedoge",
        "repo": "nixpkgs-firefox-darwin",
        "type": "github"
      }
    },
    "nixpkgs-stable": {
      "locked": {
        "lastModified": 1710695816,
        "narHash": "sha256-3Eh7fhEID17pv9ZxrPwCLfqXnYP006RKzSs0JptsN84=",
        "owner": "NixOS",
        "repo": "nixpkgs",
        "rev": "614b4613980a522ba49f0d194531beddbb7220d3",
        "type": "github"
      },
      "original": {
        "owner": "NixOS",
        "ref": "nixos-23.11",
        "repo": "nixpkgs",
        "type": "github"
      }
    },
    "nixpkgs_2": {
      "locked": {
        "lastModified": 1696193975,
        "narHash": "sha256-mnQjUcYgp9Guu3RNVAB2Srr1TqKcPpRXmJf4LJk6KRY=",
        "owner": "NixOS",
        "repo": "nixpkgs",
        "rev": "fdd898f8f79e8d2f99ed2ab6b3751811ef683242",
        "type": "github"
      },
      "original": {
        "owner": "NixOS",
        "ref": "nixos-unstable",
        "repo": "nixpkgs",
        "type": "github"
      }
    },
    "nixpkgs_3": {
      "locked": {
        "lastModified": 1681358109,
        "narHash": "sha256-eKyxW4OohHQx9Urxi7TQlFBTDWII+F+x2hklDOQPB50=",
        "owner": "NixOS",
        "repo": "nixpkgs",
        "rev": "96ba1c52e54e74c3197f4d43026b3f3d92e83ff9",
        "type": "github"
      },
      "original": {
        "owner": "NixOS",
        "ref": "nixpkgs-unstable",
        "repo": "nixpkgs",
        "type": "github"
      }
    },
    "nixvim": {
      "inputs": {
        "devshell": [
          "devshell"
        ],
        "flake-compat": [
          "flake-compat"
        ],
        "flake-parts": [
          "flake-parts"
        ],
        "flake-root": "flake-root",
        "home-manager": [
          "home-manager"
        ],
        "nix-darwin": [
          "nix-darwin"
        ],
        "nixpkgs": [
          "nixpkgs"
        ],
        "pre-commit-hooks": [
          "pre-commit-hooks"
        ],
        "treefmt-nix": "treefmt-nix"
      },
      "locked": {
        "lastModified": 1715758881,
        "narHash": "sha256-0W9F2F9YnqMZPBrz68VrTALlhTyBBeuuh/xD8C0PEVg=",
        "owner": "nix-community",
        "repo": "nixvim",
        "rev": "e035d22b64a9bd5f469664cbe42ea798d7c16b2e",
        "type": "github"
      },
      "original": {
        "owner": "nix-community",
        "repo": "nixvim",
        "type": "github"
      }
    },
    "nur": {
      "locked": {
        "lastModified": 1715791127,
        "narHash": "sha256-NQ0018UhtbWP4pLoKenzqilBTXs0dSCtG6h2sdItxxc=",
        "owner": "nix-community",
        "repo": "nur",
        "rev": "db7373fcb27311b8328835432c2896adbac9a401",
        "type": "github"
      },
      "original": {
        "owner": "nix-community",
        "repo": "nur",
        "type": "github"
      }
    },
    "parts": {
      "inputs": {
        "nixpkgs-lib": [
          "sg-nvim",
          "nci",
          "nixpkgs"
        ]
      },
      "locked": {
        "lastModified": 1696343447,
        "narHash": "sha256-B2xAZKLkkeRFG5XcHHSXXcP7To9Xzr59KXeZiRf4vdQ=",
        "owner": "hercules-ci",
        "repo": "flake-parts",
        "rev": "c9afaba3dfa4085dbd2ccb38dfade5141e33d9d4",
        "type": "github"
      },
      "original": {
        "owner": "hercules-ci",
        "repo": "flake-parts",
        "type": "github"
      }
    },
    "poetry2nix": {
      "inputs": {
        "flake-utils": [
          "flake-utils"
        ],
        "nix-github-actions": "nix-github-actions",
        "nixpkgs": [
          "nixpkgs"
        ],
        "systems": [
          "systems-default"
        ],
        "treefmt-nix": "treefmt-nix_2"
      },
      "locked": {
        "lastModified": 1715251496,
        "narHash": "sha256-vRBfJCKvJtu5sYev56XStirA3lAOPv0EkoEV2Nfc+tc=",
        "owner": "nix-community",
        "repo": "poetry2nix",
        "rev": "291a863e866972f356967d0a270b259f46bf987f",
        "type": "github"
      },
      "original": {
        "id": "poetry2nix",
        "type": "indirect"
      }
    },
    "pre-commit-hooks": {
      "inputs": {
        "flake-compat": [
          "flake-compat"
        ],
        "flake-utils": [
          "flake-utils"
        ],
        "gitignore": [
          "gitignore"
        ],
        "nixpkgs": [
          "nixpkgs"
        ],
        "nixpkgs-stable": "nixpkgs-stable"
      },
      "locked": {
        "lastModified": 1715609711,
        "narHash": "sha256-/5u29K0c+4jyQ8x7dUIEUWlz2BoTSZWUP2quPwFCE7M=",
        "owner": "cachix",
        "repo": "pre-commit-hooks.nix",
        "rev": "c182c876690380f8d3b9557c4609472ebfa1b141",
        "type": "github"
      },
      "original": {
        "owner": "cachix",
        "repo": "pre-commit-hooks.nix",
        "type": "github"
      }
    },
    "pyprland": {
      "inputs": {
        "flake-compat": "flake-compat_2",
        "nixpkgs": [
          "nixpkgs"
        ],
        "poetry2nix": [
          "poetry2nix"
        ],
        "systems": [
          "systems-linux"
        ]
      },
      "locked": {
        "lastModified": 1715793548,
        "narHash": "sha256-tSfKCYfHbVVm0tOy3RDoFfAIklhBPi/9Uub60vA9eoY=",
        "owner": "hyprland-community",
        "repo": "pyprland",
        "rev": "2f1a0c7cefedfa8da2b49e30221e89919244300b",
        "type": "github"
      },
      "original": {
        "owner": "hyprland-community",
        "repo": "pyprland",
        "type": "github"
      }
    },
    "rippkgs": {
      "inputs": {
        "crane": "crane",
        "devshell": [
          "devshell"
        ],
        "fenix": "fenix",
        "flake-parts": [
          "flake-parts"
        ],
        "nixpkgs": [
          "nixpkgs"
        ]
      },
      "locked": {
        "lastModified": 1713550073,
        "narHash": "sha256-+f058P0gFSpwE5q2rBsoVx4sakoM0yZFF6Xp/HfV3E4=",
        "owner": "replit",
        "repo": "rippkgs",
        "rev": "fe9864e16a6618703bd13b7ccc1183f138e922cf",
        "type": "github"
      },
      "original": {
        "owner": "replit",
        "repo": "rippkgs",
        "type": "github"
      }
    },
    "root": {
      "inputs": {
        "ags": "ags",
        "apple-firmware": "apple-firmware",
        "darwin-modules": "darwin-modules",
        "devshell": "devshell",
        "disko": "disko",
        "flake-compat": "flake-compat",
        "flake-parts": "flake-parts",
        "flake-utils": "flake-utils",
        "gitignore": "gitignore",
        "home-manager": "home-manager",
        "hypridle": "hypridle",
        "hyprland": "hyprland",
        "hyprland-plugins": "hyprland-plugins",
        "hyprlock": "hyprlock",
        "hyprpicker": "hyprpicker",
        "neovim": "neovim",
        "nix-darwin": "nix-darwin",
        "nix-vscode-extensions": "nix-vscode-extensions",
        "nixneovimplugins": "nixneovimplugins",
        "nixos-hardware": "nixos-hardware",
        "nixpkgs": "nixpkgs",
        "nixpkgs-23-05-darwin": "nixpkgs-23-05-darwin",
        "nixpkgs-firefox-darwin": "nixpkgs-firefox-darwin",
        "nixvim": "nixvim",
        "nur": "nur",
        "poetry2nix": "poetry2nix",
        "pre-commit-hooks": "pre-commit-hooks",
        "pyprland": "pyprland",
        "rippkgs": "rippkgs",
        "sddm-sugar-candy-nix": "sddm-sugar-candy-nix",
        "sg-nvim": "sg-nvim",
        "stylix": "stylix",
        "systems-darwin": "systems-darwin",
        "systems-default": "systems-default",
        "systems-linux": "systems-linux",
        "telescope-just": "telescope-just",
        "yofi": "yofi",
        "zls": "zls"
      }
    },
    "rust-analyzer-src": {
      "flake": false,
      "locked": {
        "lastModified": 1706875368,
        "narHash": "sha256-KOBXxNurIU2lEmO6lR2A5El32X9x8ITt25McxKZ/Ew0=",
        "owner": "rust-lang",
        "repo": "rust-analyzer",
        "rev": "8f6a72871ec87ed53cfe43a09fb284168a284e7e",
        "type": "github"
      },
      "original": {
        "owner": "rust-lang",
        "ref": "nightly",
        "repo": "rust-analyzer",
        "type": "github"
      }
    },
    "rust-overlay": {
      "flake": false,
      "locked": {
        "lastModified": 1696558324,
        "narHash": "sha256-TnnP4LGwDB8ZGE7h2n4nA9Faee8xPkMdNcyrzJ57cbw=",
        "owner": "oxalica",
        "repo": "rust-overlay",
        "rev": "fdb37574a04df04aaa8cf7708f94a9309caebe2b",
        "type": "github"
      },
      "original": {
        "owner": "oxalica",
        "repo": "rust-overlay",
        "type": "github"
      }
    },
    "rust-overlay_2": {
      "inputs": {
        "flake-utils": "flake-utils_2",
        "nixpkgs": "nixpkgs_3"
      },
      "locked": {
        "lastModified": 1696558324,
        "narHash": "sha256-TnnP4LGwDB8ZGE7h2n4nA9Faee8xPkMdNcyrzJ57cbw=",
        "owner": "oxalica",
        "repo": "rust-overlay",
        "rev": "fdb37574a04df04aaa8cf7708f94a9309caebe2b",
        "type": "github"
      },
      "original": {
        "owner": "oxalica",
        "repo": "rust-overlay",
        "type": "github"
      }
    },
    "sddm-sugar-candy-nix": {
      "inputs": {
        "nixpkgs": [
          "nixpkgs"
        ]
      },
      "locked": {
        "lastModified": 1715646979,
        "narHash": "sha256-I7Dg+SvVxLZ8jA7XV8ClWp6D/FGtLKOiwaWsGeq7lmc=",
        "owner": "Zhaith-Izaliel",
        "repo": "sddm-sugar-candy-nix",
        "rev": "17960eb3b17863802737361a0e76050c556d7166",
        "type": "gitlab"
      },
      "original": {
        "owner": "Zhaith-Izaliel",
        "repo": "sddm-sugar-candy-nix",
        "type": "gitlab"
      }
    },
    "sg-nvim": {
      "inputs": {
        "flake-parts": [
          "flake-parts"
        ],
        "nci": "nci",
        "nixpkgs": [
          "nixpkgs"
        ],
        "pre-commit-nix": [
          "pre-commit-hooks"
        ],
        "rust-overlay": "rust-overlay_2"
      },
      "locked": {
        "lastModified": 1710420856,
        "narHash": "sha256-SRJ/zCesRyD9dGCYxG8lEZrNk6ez9LSNFqqX6f+YZvE=",
        "owner": "sourcegraph",
        "repo": "sg.nvim",
        "rev": "8d7735bfb810d919806da1e1c4f839fbc6ecccfe",
        "type": "github"
      },
      "original": {
        "owner": "sourcegraph",
        "repo": "sg.nvim",
        "type": "github"
      }
    },
    "stylix": {
      "inputs": {
        "base16": "base16",
        "base16-fish": "base16-fish",
        "base16-foot": "base16-foot",
        "base16-helix": "base16-helix",
        "base16-kitty": "base16-kitty",
        "base16-tmux": "base16-tmux",
        "base16-vim": "base16-vim",
        "flake-compat": [
          "flake-compat"
        ],
        "gnome-shell": "gnome-shell",
        "home-manager": [
          "home-manager"
        ],
        "nixpkgs": [
          "nixpkgs"
        ]
      },
      "locked": {
        "lastModified": 1715516559,
        "narHash": "sha256-xzUwP85yIYvVSKHY2MutzAt5/ZQwUzlhL5/Gfh7jySc=",
        "owner": "danth",
        "repo": "stylix",
        "rev": "b5f4ca49df372c3d26ce04b1554fb02a0107cc8d",
        "type": "github"
      },
      "original": {
        "owner": "danth",
        "repo": "stylix",
        "type": "github"
      }
    },
    "systems": {
      "locked": {
        "lastModified": 1681028828,
        "narHash": "sha256-Vy1rq5AaRuLzOxct8nz4T6wlgyUR7zLU309k9mBC768=",
        "owner": "nix-systems",
        "repo": "default",
        "rev": "da67096a3b9bf56a91d16901293e51ba5b49a27e",
        "type": "github"
      },
      "original": {
        "owner": "nix-systems",
        "repo": "default",
        "type": "github"
      }
    },
    "systems-darwin": {
      "locked": {
        "lastModified": 1689347925,
        "narHash": "sha256-ozenz5bFe1UUqOn7f60HRmgc01BgTGIKZ4Xl+HbocGQ=",
        "owner": "nix-systems",
        "repo": "default-darwin",
        "rev": "2235d7e6cc29ae99878133c95e9fe5e157661ffb",
        "type": "github"
      },
      "original": {
        "owner": "nix-systems",
        "repo": "default-darwin",
        "type": "github"
      }
    },
    "systems-default": {
      "locked": {
        "lastModified": 1681028828,
        "narHash": "sha256-Vy1rq5AaRuLzOxct8nz4T6wlgyUR7zLU309k9mBC768=",
        "owner": "nix-systems",
        "repo": "default",
        "rev": "da67096a3b9bf56a91d16901293e51ba5b49a27e",
        "type": "github"
      },
      "original": {
        "owner": "nix-systems",
        "repo": "default",
        "type": "github"
      }
    },
    "systems-linux": {
      "locked": {
        "lastModified": 1689347949,
        "narHash": "sha256-12tWmuL2zgBgZkdoB6qXZsgJEH9LR3oUgpaQq2RbI80=",
        "owner": "nix-systems",
        "repo": "default-linux",
        "rev": "31732fcf5e8fea42e59c2488ad31a0e651500f68",
        "type": "github"
      },
      "original": {
        "owner": "nix-systems",
        "repo": "default-linux",
        "type": "github"
      }
    },
    "systems_2": {
      "locked": {
        "lastModified": 1689347949,
        "narHash": "sha256-12tWmuL2zgBgZkdoB6qXZsgJEH9LR3oUgpaQq2RbI80=",
        "owner": "nix-systems",
        "repo": "default-linux",
        "rev": "31732fcf5e8fea42e59c2488ad31a0e651500f68",
        "type": "github"
      },
      "original": {
        "owner": "nix-systems",
        "repo": "default-linux",
        "type": "github"
      }
    },
    "systems_3": {
      "locked": {
        "lastModified": 1689347949,
        "narHash": "sha256-12tWmuL2zgBgZkdoB6qXZsgJEH9LR3oUgpaQq2RbI80=",
        "owner": "nix-systems",
        "repo": "default-linux",
        "rev": "31732fcf5e8fea42e59c2488ad31a0e651500f68",
        "type": "github"
      },
      "original": {
        "owner": "nix-systems",
        "repo": "default-linux",
        "type": "github"
      }
    },
    "systems_4": {
      "locked": {
        "lastModified": 1681028828,
        "narHash": "sha256-Vy1rq5AaRuLzOxct8nz4T6wlgyUR7zLU309k9mBC768=",
        "owner": "nix-systems",
        "repo": "default",
        "rev": "da67096a3b9bf56a91d16901293e51ba5b49a27e",
        "type": "github"
      },
      "original": {
        "owner": "nix-systems",
        "repo": "default",
        "type": "github"
      }
    },
    "telescope-just": {
      "inputs": {
        "devshell": [
          "devshell"
        ],
        "flake-utils": [
          "flake-utils"
        ],
        "nixpkgs": [
          "nixpkgs"
        ]
      },
      "locked": {
        "lastModified": 1700639649,
        "narHash": "sha256-GqUcsEYZnTaWPhjahnj2v4kLjHSrKxkhswXTT994+wo=",
        "owner": "zachcoyle",
        "repo": "telescope-just",
        "rev": "b5771b4252de248343de16497a780713293aa376",
        "type": "github"
      },
      "original": {
        "owner": "zachcoyle",
        "repo": "telescope-just",
        "type": "github"
      }
    },
    "treefmt": {
      "inputs": {
        "nixpkgs": [
          "sg-nvim",
          "nci",
          "nixpkgs"
        ]
      },
      "locked": {
        "lastModified": 1695822946,
        "narHash": "sha256-IQU3fYo0H+oGlqX5YrgZU3VRhbt2Oqe6KmslQKUO4II=",
        "owner": "numtide",
        "repo": "treefmt-nix",
        "rev": "720bd006d855b08e60664e4683ccddb7a9ff614a",
        "type": "github"
      },
      "original": {
        "owner": "numtide",
        "repo": "treefmt-nix",
        "type": "github"
      }
    },
    "treefmt-nix": {
      "inputs": {
        "nixpkgs": [
          "nixvim",
          "nixpkgs"
        ]
      },
      "locked": {
        "lastModified": 1714058656,
        "narHash": "sha256-Qv4RBm4LKuO4fNOfx9wl40W2rBbv5u5m+whxRYUMiaA=",
        "owner": "numtide",
        "repo": "treefmt-nix",
        "rev": "c6aaf729f34a36c445618580a9f95a48f5e4e03f",
        "type": "github"
      },
      "original": {
        "owner": "numtide",
        "repo": "treefmt-nix",
        "type": "github"
      }
    },
    "treefmt-nix_2": {
      "inputs": {
        "nixpkgs": [
          "poetry2nix",
          "nixpkgs"
        ]
      },
      "locked": {
        "lastModified": 1714058656,
        "narHash": "sha256-Qv4RBm4LKuO4fNOfx9wl40W2rBbv5u5m+whxRYUMiaA=",
        "owner": "numtide",
        "repo": "treefmt-nix",
        "rev": "c6aaf729f34a36c445618580a9f95a48f5e4e03f",
        "type": "github"
      },
      "original": {
        "owner": "numtide",
        "repo": "treefmt-nix",
        "type": "github"
      }
    },
    "xdph": {
      "inputs": {
        "hyprland-protocols": "hyprland-protocols",
        "hyprlang": [
          "hyprland",
          "hyprlang"
        ],
        "nixpkgs": [
          "hyprland",
          "nixpkgs"
        ],
        "systems": [
          "hyprland",
          "systems"
        ]
      },
      "locked": {
        "lastModified": 1714662532,
        "narHash": "sha256-Pj2xGSYhapYbXL7sk7TTlOtCZcTfPQoL3fPbZeg7L4Y=",
        "owner": "hyprwm",
        "repo": "xdg-desktop-portal-hyprland",
        "rev": "1f228ba2f1f254195c0b571302b37482861abee3",
        "type": "github"
      },
      "original": {
        "owner": "hyprwm",
        "repo": "xdg-desktop-portal-hyprland",
        "type": "github"
      }
    },
    "yofi": {
      "inputs": {
        "flake-utils": [
          "flake-utils"
        ],
        "nixpkgs": [
          "nixpkgs"
        ]
      },
      "locked": {
        "lastModified": 1710356110,
        "narHash": "sha256-dLYYHNiimcY5WMOnYs9zHVKdjqoPhdFhbEJa2h5hel0=",
        "owner": "l4l",
        "repo": "yofi",
        "rev": "0d7af4653fa8f119a4aee0b7981edc88a6c7e892",
        "type": "github"
      },
      "original": {
        "owner": "l4l",
        "repo": "yofi",
        "type": "github"
      }
    },
    "zig-overlay": {
      "inputs": {
        "flake-compat": "flake-compat_3",
        "flake-utils": "flake-utils_3",
        "nixpkgs": [
          "zls",
          "nixpkgs"
        ]
      },
      "locked": {
        "lastModified": 1715775020,
        "narHash": "sha256-CCqc3c3yvXgRaTW18epSHlF2HeikwNXqxnlrRs2sl3Y=",
        "owner": "mitchellh",
        "repo": "zig-overlay",
        "rev": "03303bf01701b04ec87c55ce5d8d6f5ecf86d0a7",
        "type": "github"
      },
      "original": {
        "owner": "mitchellh",
        "repo": "zig-overlay",
        "type": "github"
      }
    },
    "zls": {
      "inputs": {
        "flake-utils": [
          "flake-utils"
        ],
        "gitignore": [
          "gitignore"
        ],
        "langref": "langref",
        "nixpkgs": [
          "nixpkgs"
        ],
        "zig-overlay": "zig-overlay"
      },
      "locked": {
        "lastModified": 1715784956,
        "narHash": "sha256-wERqpg+WOmqwQ9FfsYoQzZI/INbp3zD5otf+VeiXXtA=",
        "owner": "zigtools",
        "repo": "zls",
        "rev": "ab928b51c6e48b2f4cca2e58c332cea75d683d17",
        "type": "github"
      },
      "original": {
        "owner": "zigtools",
        "repo": "zls",
        "type": "github"
      }
    }
  },
  "root": "root",
  "version": 7
}
